
Microsoft Visual Studio Solution File, Format Version 12.00
# Visual Studio Version 16
VisualStudioVersion = 16.0.30002.166
MinimumVisualStudioVersion = 10.0.40219.1
Project("{9A19103F-16F7-4668-BE54-9A1E7A4F7556}") = "QASDUtil", "QASDUtil\QASDUtil.csproj", "{D72E488B-BD90-4295-95DB-1E04C4227665}"
EndProject
Project("{9A19103F-16F7-4668-BE54-9A1E7A4F7556}") = "QASDWin", "QASDWin\QASDWin.csproj", "{AF1A4704-C3EC-4FB6-889C-1A369C67E1E0}"
EndProject
Project("{9A19103F-16F7-4668-BE54-9A1E7A4F7556}") = "QASDWebApi", "QASDWebApi\QASDWebApi.csproj", "{E72DF630-D081-4EDB-9FE5-1663BE89C51E}"
EndProject
Project("{9A19103F-16F7-4668-BE54-9A1E7A4F7556}") = "QASDCommon", "QASDCommon\QASDCommon.csproj", "{6DD461C3-D0A5-451A-8B4E-60A488A9F120}"
EndProject
Project("{2150E333-8FDC-42A3-9474-1A3956D46DE8}") = "Solution Items", "Solution Items", "{3A1229E0-A52F-4925-918E-BA3A527A84D8}"
	ProjectSection(SolutionItems) = preProject
		TODO.txt = TODO.txt
	EndProjectSection
EndProject
Global
	GlobalSection(SolutionConfigurationPlatforms) = preSolution
		Debug|Any CPU = Debug|Any CPU
		Release|Any CPU = Release|Any CPU
	EndGlobalSection
	GlobalSection(ProjectConfigurationPlatforms) = postSolution
		{D72E488B-BD90-4295-95DB-1E04C4227665}.Debug|Any CPU.ActiveCfg = Debug|Any CPU
		{D72E488B-BD90-4295-95DB-1E04C4227665}.Debug|Any CPU.Build.0 = Debug|Any CPU
		{D72E488B-BD90-4295-95DB-1E04C4227665}.Release|Any CPU.ActiveCfg = Release|Any CPU
		{D72E488B-BD90-4295-95DB-1E04C4227665}.Release|Any CPU.Build.0 = Release|Any CPU
		{AF1A4704-C3EC-4FB6-889C-1A369C67E1E0}.Debug|Any CPU.ActiveCfg = Debug|Any CPU
		{AF1A4704-C3EC-4FB6-889C-1A369C67E1E0}.Debug|Any CPU.Build.0 = Debug|Any CPU
		{AF1A4704-C3EC-4FB6-889C-1A369C67E1E0}.Release|Any CPU.ActiveCfg = Release|Any CPU
		{AF1A4704-C3EC-4FB6-889C-1A369C67E1E0}.Release|Any CPU.Build.0 = Release|Any CPU
		{E72DF630-D081-4EDB-9FE5-1663BE89C51E}.Debug|Any CPU.ActiveCfg = Debug|Any CPU
		{E72DF630-D081-4EDB-9FE5-1663BE89C51E}.Debug|Any CPU.Build.0 = Debug|Any CPU
		{E72DF630-D081-4EDB-9FE5-1663BE89C51E}.Release|Any CPU.ActiveCfg = Release|Any CPU
		{E72DF630-D081-4EDB-9FE5-1663BE89C51E}.Release|Any CPU.Build.0 = Release|Any CPU
		{6DD461C3-D0A5-451A-8B4E-60A488A9F120}.Debug|Any CPU.ActiveCfg = Debug|Any CPU
		{6DD461C3-D0A5-451A-8B4E-60A488A9F120}.Debug|Any CPU.Build.0 = Debug|Any CPU
		{6DD461C3-D0A5-451A-8B4E-60A488A9F120}.Release|Any CPU.ActiveCfg = Release|Any CPU
		{6DD461C3-D0A5-451A-8B4E-60A488A9F120}.Release|Any CPU.Build.0 = Release|Any CPU
	EndGlobalSection
	GlobalSection(SolutionProperties) = preSolution
		HideSolutionNode = FALSE
	EndGlobalSection
	GlobalSection(ExtensibilityGlobals) = postSolution
		SolutionGuid = {D8309CF9-7758-4796-BA38-E06491120E14}
	EndGlobalSection
EndGlobal
